
Microsoft Visual Studio Solution File, Format Version 12.00
# Visual Studio Version 17
VisualStudioVersion = 17.2.32630.192
MinimumVisualStudioVersion = 10.0.40219.1
Project("{FAE04EC0-301F-11D3-BF4B-00C04F79EFBC}") = "MDD.Web", "MDD\MDD.Web\MDD.Web.csproj", "{4D6ECCAF-9434-4923-8831-8962444C1F7E}"
EndProject
Global
	GlobalSection(SolutionConfigurationPlatforms) = preSolution
		Debug|Any CPU = Debug|Any CPU
		Release|Any CPU = Release|Any CPU
	EndGlobalSection
	GlobalSection(ProjectConfigurationPlatforms) = postSolution
		{4D6ECCAF-9434-4923-8831-8962444C1F7E}.Debug|Any CPU.ActiveCfg = Debug|Any CPU
		{4D6ECCAF-9434-4923-8831-8962444C1F7E}.Debug|Any CPU.Build.0 = Debug|Any CPU
		{4D6ECCAF-9434-4923-8831-8962444C1F7E}.Release|Any CPU.ActiveCfg = Release|Any CPU
		{4D6ECCAF-9434-4923-8831-8962444C1F7E}.Release|Any CPU.Build.0 = Release|Any CPU
	EndGlobalSection
	GlobalSection(SolutionProperties) = preSolution
		HideSolutionNode = FALSE
	EndGlobalSection
	GlobalSection(ExtensibilityGlobals) = postSolution
		SolutionGuid = {D91414EA-26A1-4D71-AA66-7DBC999037C7}
	EndGlobalSection
EndGlobal
